
Microsoft Visual Studio Solution File, Format Version 12.00
# Visual Studio 15
VisualStudioVersion = 15.0.33801.198
MinimumVisualStudioVersion = 10.0.40219.1
Project("{FAE04EC0-301F-11D3-BF4B-00C04F79EFBC}") = "OmniApp", "OmniApp\OmniApp.csproj", "{C8BBC990-7F9D-4C04-94EB-17035EFC4DDA}"
EndProject
Global
	GlobalSection(SolutionConfigurationPlatforms) = preSolution
		Debug|Any CPU = Debug|Any CPU
		Release|Any CPU = Release|Any CPU
	EndGlobalSection
	GlobalSection(ProjectConfigurationPlatforms) = postSolution
		{C8BBC990-7F9D-4C04-94EB-17035EFC4DDA}.Debug|Any CPU.ActiveCfg = Debug|Any CPU
		{C8BBC990-7F9D-4C04-94EB-17035EFC4DDA}.Debug|Any CPU.Build.0 = Debug|Any CPU
		{C8BBC990-7F9D-4C04-94EB-17035EFC4DDA}.Release|Any CPU.ActiveCfg = Release|Any CPU
		{C8BBC990-7F9D-4C04-94EB-17035EFC4DDA}.Release|Any CPU.Build.0 = Release|Any CPU
	EndGlobalSection
	GlobalSection(SolutionProperties) = preSolution
		HideSolutionNode = FALSE
	EndGlobalSection
	GlobalSection(ExtensibilityGlobals) = postSolution
		SolutionGuid = {40A6F789-4431-4F17-99E3-554649716CD4}
	EndGlobalSection
EndGlobal
